
Microsoft Visual Studio Solution File, Format Version 12.00
# Visual Studio Version 18
VisualStudioVersion = 18.6.11806.211
MinimumVisualStudioVersion = 10.0.40219.1
Project("{FAE04EC0-301F-11D3-BF4B-00C04F79EFBC}") = "WarehouseManagementSystem.API", "WarehouseManagementSystem.API\WarehouseManagementSystem.API.csproj", "{96FF4A98-26A9-427C-86EA-5B443337D9E3}"
EndProject
Project("{FAE04EC0-301F-11D3-BF4B-00C04F79EFBC}") = "WarehouseManagementSystem.Domain", "WarehouseManagementSystem.Domain\WarehouseManagementSystem.Domain.csproj", "{86E884EE-EBC7-46DE-84E0-EC67BD9C13BE}"
EndProject
Project("{FAE04EC0-301F-11D3-BF4B-00C04F79EFBC}") = "WarehouseManagementSystem.Idp", "WarehouseManagementSystem.Idp\WarehouseManagementSystem.Idp.csproj", "{A8E02431-F272-41E2-BA9B-7938F4DB9E62}"
EndProject
Project("{FAE04EC0-301F-11D3-BF4B-00C04F79EFBC}") = "WarehouseManagementSystem.Test", "WarehouseManagementSystem.Test\WarehouseManagementSystem.Test.csproj", "{052A0115-B638-41CA-8221-7E2D55D94F97}"
EndProject
Project("{2150E333-8FDC-42A3-9474-1A3956D46DE8}") = "Solution Items", "Solution Items", "{8EC462FD-D22E-90A8-E5CE-7E832BA40C5D}"
	ProjectSection(SolutionItems) = preProject
		docker-compose.yml = docker-compose.yml
		global.json = global.json
	EndProjectSection
EndProject
Project("{FAE04EC0-301F-11D3-BF4B-00C04F79EFBC}") = "WarehouseManagementSystem.Infrastructure", "WarehouseManagementSystem.Infrastructure\WarehouseManagementSystem.Infrastructure.csproj", "{11CA0FA5-CD75-43D2-AE63-DBEEA7752684}"
EndProject
Project("{FAE04EC0-301F-11D3-BF4B-00C04F79EFBC}") = "WarehouseManagementSystem.FakeShipping", "WarehouseManagementSystem.FakeShipping\WarehouseManagementSystem.FakeShipping.csproj", "{E3B908A4-5A70-4E8B-BB63-689A868E1C2E}"
EndProject
Project("{FAE04EC0-301F-11D3-BF4B-00C04F79EFBC}") = "WarehouseManagementSystem.Contracts", "WarehouseManagementSystem.Contracts\WarehouseManagementSystem.Contracts.csproj", "{42EA0A53-6FB2-4597-8910-87E517B41171}"
EndProject
Project("{FAE04EC0-301F-11D3-BF4B-00C04F79EFBC}") = "WarehouseManagementSystem.FakeBilling", "WarehouseManagementSystem.FakeBilling\WarehouseManagementSystem.FakeBilling.csproj", "{849BEA92-BCB7-4C39-92AC-D314DCA3C6EF}"
EndProject
Project("{FAE04EC0-301F-11D3-BF4B-00C04F79EFBC}") = "WarehouseManagementSystem.FakeERP", "WarehouseManagementSystem.FakeERP\WarehouseManagementSystem.FakeERP.csproj", "{4E40E182-1305-4B2A-9500-81D29DB67ADE}"
EndProject
Global
	GlobalSection(SolutionConfigurationPlatforms) = preSolution
		Debug|Any CPU = Debug|Any CPU
		Release|Any CPU = Release|Any CPU
	EndGlobalSection
	GlobalSection(ProjectConfigurationPlatforms) = postSolution
		{96FF4A98-26A9-427C-86EA-5B443337D9E3}.Debug|Any CPU.ActiveCfg = Debug|Any CPU
		{96FF4A98-26A9-427C-86EA-5B443337D9E3}.Debug|Any CPU.Build.0 = Debug|Any CPU
		{96FF4A98-26A9-427C-86EA-5B443337D9E3}.Release|Any CPU.ActiveCfg = Release|Any CPU
		{96FF4A98-26A9-427C-86EA-5B443337D9E3}.Release|Any CPU.Build.0 = Release|Any CPU
		{86E884EE-EBC7-46DE-84E0-EC67BD9C13BE}.Debug|Any CPU.ActiveCfg = Debug|Any CPU
		{86E884EE-EBC7-46DE-84E0-EC67BD9C13BE}.Debug|Any CPU.Build.0 = Debug|Any CPU
		{86E884EE-EBC7-46DE-84E0-EC67BD9C13BE}.Release|Any CPU.ActiveCfg = Release|Any CPU
		{86E884EE-EBC7-46DE-84E0-EC67BD9C13BE}.Release|Any CPU.Build.0 = Release|Any CPU
		{A8E02431-F272-41E2-BA9B-7938F4DB9E62}.Debug|Any CPU.ActiveCfg = Debug|Any CPU
		{A8E02431-F272-41E2-BA9B-7938F4DB9E62}.Debug|Any CPU.Build.0 = Debug|Any CPU
		{A8E02431-F272-41E2-BA9B-7938F4DB9E62}.Release|Any CPU.ActiveCfg = Release|Any CPU
		{A8E02431-F272-41E2-BA9B-7938F4DB9E62}.Release|Any CPU.Build.0 = Release|Any CPU
		{052A0115-B638-41CA-8221-7E2D55D94F97}.Debug|Any CPU.ActiveCfg = Debug|Any CPU
		{052A0115-B638-41CA-8221-7E2D55D94F97}.Debug|Any CPU.Build.0 = Debug|Any CPU
		{052A0115-B638-41CA-8221-7E2D55D94F97}.Release|Any CPU.ActiveCfg = Release|Any CPU
		{052A0115-B638-41CA-8221-7E2D55D94F97}.Release|Any CPU.Build.0 = Release|Any CPU
		{11CA0FA5-CD75-43D2-AE63-DBEEA7752684}.Debug|Any CPU.ActiveCfg = Debug|Any CPU
		{11CA0FA5-CD75-43D2-AE63-DBEEA7752684}.Debug|Any CPU.Build.0 = Debug|Any CPU
		{11CA0FA5-CD75-43D2-AE63-DBEEA7752684}.Release|Any CPU.ActiveCfg = Release|Any CPU
		{11CA0FA5-CD75-43D2-AE63-DBEEA7752684}.Release|Any CPU.Build.0 = Release|Any CPU
		{E3B908A4-5A70-4E8B-BB63-689A868E1C2E}.Debug|Any CPU.ActiveCfg = Debug|Any CPU
		{E3B908A4-5A70-4E8B-BB63-689A868E1C2E}.Debug|Any CPU.Build.0 = Debug|Any CPU
		{E3B908A4-5A70-4E8B-BB63-689A868E1C2E}.Release|Any CPU.ActiveCfg = Release|Any CPU
		{E3B908A4-5A70-4E8B-BB63-689A868E1C2E}.Release|Any CPU.Build.0 = Release|Any CPU
		{42EA0A53-6FB2-4597-8910-87E517B41171}.Debug|Any CPU.ActiveCfg = Debug|Any CPU
		{42EA0A53-6FB2-4597-8910-87E517B41171}.Debug|Any CPU.Build.0 = Debug|Any CPU
		{42EA0A53-6FB2-4597-8910-87E517B41171}.Release|Any CPU.ActiveCfg = Release|Any CPU
		{42EA0A53-6FB2-4597-8910-87E517B41171}.Release|Any CPU.Build.0 = Release|Any CPU
		{849BEA92-BCB7-4C39-92AC-D314DCA3C6EF}.Debug|Any CPU.ActiveCfg = Debug|Any CPU
		{849BEA92-BCB7-4C39-92AC-D314DCA3C6EF}.Debug|Any CPU.Build.0 = Debug|Any CPU
		{849BEA92-BCB7-4C39-92AC-D314DCA3C6EF}.Release|Any CPU.ActiveCfg = Release|Any CPU
		{849BEA92-BCB7-4C39-92AC-D314DCA3C6EF}.Release|Any CPU.Build.0 = Release|Any CPU
		{4E40E182-1305-4B2A-9500-81D29DB67ADE}.Debug|Any CPU.ActiveCfg = Debug|Any CPU
		{4E40E182-1305-4B2A-9500-81D29DB67ADE}.Debug|Any CPU.Build.0 = Debug|Any CPU
		{4E40E182-1305-4B2A-9500-81D29DB67ADE}.Release|Any CPU.ActiveCfg = Release|Any CPU
		{4E40E182-1305-4B2A-9500-81D29DB67ADE}.Release|Any CPU.Build.0 = Release|Any CPU
	EndGlobalSection
	GlobalSection(SolutionProperties) = preSolution
		HideSolutionNode = FALSE
	EndGlobalSection
	GlobalSection(ExtensibilityGlobals) = postSolution
		SolutionGuid = {C70A0E93-AE45-4E3D-BFFA-5223C1C8A504}
	EndGlobalSection
EndGlobal
